// !$*UTF8*$!
{
	archiveVersion = 1;
	classes = {
	};
	objectVersion = 46;
	objects = {

/* Begin PBXBuildFile section */
		8C35DDBD1DEDCF63006BF9E4 /* AppDelegate.swift in Sources */ = {isa = PBXBuildFile; fileRef = 8C35DDBC1DEDCF63006BF9E4 /* AppDelegate.swift */; };
		8C35DDBF1DEDCF63006BF9E4 /* MasterViewController.swift in Sources */ = {isa = PBXBuildFile; fileRef = 8C35DDBE1DEDCF63006BF9E4 /* MasterViewController.swift */; };
		8C35DDC11DEDCF63006BF9E4 /* DetailViewController.swift in Sources */ = {isa = PBXBuildFile; fileRef = 8C35DDC01DEDCF63006BF9E4 /* DetailViewController.swift */; };
		8C35DDC41DEDCF63006BF9E4 /* Main.storyboard in Resources */ = {isa = PBXBuildFile; fileRef = 8C35DDC21DEDCF63006BF9E4 /* Main.storyboard */; };
		8C35DDC61DEDCF63006BF9E4 /* Assets.xcassets in Resources */ = {isa = PBXBuildFile; fileRef = 8C35DDC51DEDCF63006BF9E4 /* Assets.xcassets */; };
		8C35DDC91DEDCF63006BF9E4 /* LaunchScreen.storyboard in Resources */ = {isa = PBXBuildFile; fileRef = 8C35DDC71DEDCF63006BF9E4 /* LaunchScreen.storyboard */; };
		8C35DDD41DEDCF63006BF9E4 /* PolygonSampleTests.swift in Sources */ = {isa = PBXBuildFile; fileRef = 8C35DDD31DEDCF63006BF9E4 /* PolygonSampleTests.swift */; };
		8C35DDDF1DEDCF63006BF9E4 /* PolygonSampleUITests.swift in Sources */ = {isa = PBXBuildFile; fileRef = 8C35DDDE1DEDCF63006BF9E4 /* PolygonSampleUITests.swift */; };
		8C35DDED1DEDDC36006BF9E4 /* Polygon.swift in Sources */ = {isa = PBXBuildFile; fileRef = 8C35DDEC1DEDDC36006BF9E4 /* Polygon.swift */; };
		F2F05C261E157B5300A2C827 /* PolygonArray.swift in Sources */ = {isa = PBXBuildFile; fileRef = F2F05C251E157B5300A2C827 /* PolygonArray.swift */; };
/* End PBXBuildFile section */

/* Begin PBXContainerItemProxy section */
		8C35DDD01DEDCF63006BF9E4 /* PBXContainerItemProxy */ = {
			isa = PBXContainerItemProxy;
			containerPortal = 8C35DDB11DEDCF62006BF9E4 /* Project object */;
			proxyType = 1;
			remoteGlobalIDString = 8C35DDB81DEDCF62006BF9E4;
			remoteInfo = PolygonSample;
		};
		8C35DDDB1DEDCF63006BF9E4 /* PBXContainerItemProxy */ = {
			isa = PBXContainerItemProxy;
			containerPortal = 8C35DDB11DEDCF62006BF9E4 /* Project object */;
			proxyType = 1;
			remoteGlobalIDString = 8C35DDB81DEDCF62006BF9E4;
			remoteInfo = PolygonSample;
		};
/* End PBXContainerItemProxy section */

/* Begin PBXFileReference section */
		8C35DDB91DEDCF63006BF9E4 /* PolygonSample.app */ = {isa = PBXFileReference; explicitFileType = wrapper.application; includeInIndex = 0; path = PolygonSample.app; sourceTree = BUILT_PRODUCTS_DIR; };
		8C35DDBC1DEDCF63006BF9E4 /* AppDelegate.swift */ = {isa = PBXFileReference; lastKnownFileType = sourcecode.swift; path = AppDelegate.swift; sourceTree = "<group>"; };
		8C35DDBE1DEDCF63006BF9E4 /* MasterViewController.swift */ = {isa = PBXFileReference; lastKnownFileType = sourcecode.swift; path = MasterViewController.swift; sourceTree = "<group>"; };
		8C35DDC01DEDCF63006BF9E4 /* DetailViewController.swift */ = {isa = PBXFileReference; lastKnownFileType = sourcecode.swift; path = DetailViewController.swift; sourceTree = "<group>"; };
		8C35DDC31DEDCF63006BF9E4 /* Base */ = {isa = PBXFileReference; lastKnownFileType = file.storyboard; name = Base; path = Base.lproj/Main.storyboard; sourceTree = "<group>"; };
		8C35DDC51DEDCF63006BF9E4 /* Assets.xcassets */ = {isa = PBXFileReference; lastKnownFileType = folder.assetcatalog; path = Assets.xcassets; sourceTree = "<group>"; };
		8C35DDC81DEDCF63006BF9E4 /* Base */ = {isa = PBXFileReference; lastKnownFileType = file.storyboard; name = Base; path = Base.lproj/LaunchScreen.storyboard; sourceTree = "<group>"; };
		8C35DDCA1DEDCF63006BF9E4 /* Info.plist */ = {isa = PBXFileReference; lastKnownFileType = text.plist.xml; path = Info.plist; sourceTree = "<group>"; };
		8C35DDCF1DEDCF63006BF9E4 /* PolygonSampleTests.xctest */ = {isa = PBXFileReference; explicitFileType = wrapper.cfbundle; includeInIndex = 0; path = PolygonSampleTests.xctest; sourceTree = BUILT_PRODUCTS_DIR; };
		8C35DDD31DEDCF63006BF9E4 /* PolygonSampleTests.swift */ = {isa = PBXFileReference; lastKnownFileType = sourcecode.swift; path = PolygonSampleTests.swift; sourceTree = "<group>"; };
		8C35DDD51DEDCF63006BF9E4 /* Info.plist */ = {isa = PBXFileReference; lastKnownFileType = text.plist.xml; path = Info.plist; sourceTree = "<group>"; };
		8C35DDDA1DEDCF63006BF9E4 /* PolygonSampleUITests.xctest */ = {isa = PBXFileReference; explicitFileType = wrapper.cfbundle; includeInIndex = 0; path = PolygonSampleUITests.xctest; sourceTree = BUILT_PRODUCTS_DIR; };
		8C35DDDE1DEDCF63006BF9E4 /* PolygonSampleUITests.swift */ = {isa = PBXFileReference; lastKnownFileType = sourcecode.swift; path = PolygonSampleUITests.swift; sourceTree = "<group>"; };
		8C35DDE01DEDCF63006BF9E4 /* Info.plist */ = {isa = PBXFileReference; lastKnownFileType = text.plist.xml; path = Info.plist; sourceTree = "<group>"; };
		8C35DDEC1DEDDC36006BF9E4 /* Polygon.swift */ = {isa = PBXFileReference; fileEncoding = 4; lastKnownFileType = sourcecode.swift; path = Polygon.swift; sourceTree = "<group>"; };
		F2F05C251E157B5300A2C827 /* PolygonArray.swift */ = {isa = PBXFileReference; fileEncoding = 4; lastKnownFileType = sourcecode.swift; path = PolygonArray.swift; sourceTree = "<group>"; };
/* End PBXFileReference section */

/* Begin PBXFrameworksBuildPhase section */
		8C35DDB61DEDCF62006BF9E4 /* Frameworks */ = {
			isa = PBXFrameworksBuildPhase;
			buildActionMask = 2147483647;
			files = (
			);
			runOnlyForDeploymentPostprocessing = 0;
		};
		8C35DDCC1DEDCF63006BF9E4 /* Frameworks */ = {
			isa = PBXFrameworksBuildPhase;
			buildActionMask = 2147483647;
			files = (
			);
			runOnlyForDeploymentPostprocessing = 0;
		};
		8C35DDD71DEDCF63006BF9E4 /* Frameworks */ = {
			isa = PBXFrameworksBuildPhase;
			buildActionMask = 2147483647;
			files = (
			);
			runOnlyForDeploymentPostprocessing = 0;
		};
/* End PBXFrameworksBuildPhase section */

/* Begin PBXGroup section */
		8C35DDB01DEDCF62006BF9E4 = {
			isa = PBXGroup;
			children = (
				8C35DDBB1DEDCF63006BF9E4 /* PolygonSample */,
				8C35DDD21DEDCF63006BF9E4 /* PolygonSampleTests */,
				8C35DDDD1DEDCF63006BF9E4 /* PolygonSampleUITests */,
				8C35DDBA1DEDCF63006BF9E4 /* Products */,
			);
			sourceTree = "<group>";
		};
		8C35DDBA1DEDCF63006BF9E4 /* Products */ = {
			isa = PBXGroup;
			children = (
				8C35DDB91DEDCF63006BF9E4 /* PolygonSample.app */,
				8C35DDCF1DEDCF63006BF9E4 /* PolygonSampleTests.xctest */,
				8C35DDDA1DEDCF63006BF9E4 /* PolygonSampleUITests.xctest */,
			);
			name = Products;
			sourceTree = "<group>";
		};
		8C35DDBB1DEDCF63006BF9E4 /* PolygonSample */ = {
			isa = PBXGroup;
			children = (
				8C35DDBC1DEDCF63006BF9E4 /* AppDelegate.swift */,
				8C35DDBE1DEDCF63006BF9E4 /* MasterViewController.swift */,
				F2F05C251E157B5300A2C827 /* PolygonArray.swift */,
				8C35DDC01DEDCF63006BF9E4 /* DetailViewController.swift */,
				8C35DDEC1DEDDC36006BF9E4 /* Polygon.swift */,
				8C35DDC21DEDCF63006BF9E4 /* Main.storyboard */,
				8C35DDC51DEDCF63006BF9E4 /* Assets.xcassets */,
				8C35DDC71DEDCF63006BF9E4 /* LaunchScreen.storyboard */,
				8C35DDCA1DEDCF63006BF9E4 /* Info.plist */,
			);
			path = PolygonSample;
			sourceTree = "<group>";
		};
		8C35DDD21DEDCF63006BF9E4 /* PolygonSampleTests */ = {
			isa = PBXGroup;
			children = (
				8C35DDD31DEDCF63006BF9E4 /* PolygonSampleTests.swift */,
				8C35DDD51DEDCF63006BF9E4 /* Info.plist */,
			);
			path = PolygonSampleTests;
			sourceTree = "<group>";
		};
		8C35DDDD1DEDCF63006BF9E4 /* PolygonSampleUITests */ = {
			isa = PBXGroup;
			children = (
				8C35DDDE1DEDCF63006BF9E4 /* PolygonSampleUITests.swift */,
				8C35DDE01DEDCF63006BF9E4 /* Info.plist */,
			);
			path = PolygonSampleUITests;
			sourceTree = "<group>";
		};
/* End PBXGroup section */

/* Begin PBXNativeTarget section */
		8C35DDB81DEDCF62006BF9E4 /* PolygonSample */ = {
			isa = PBXNativeTarget;
			buildConfigurationList = 8C35DDE31DEDCF63006BF9E4 /* Build configuration list for PBXNativeTarget "PolygonSample" */;
			buildPhases = (
				8C35DDB51DEDCF62006BF9E4 /* Sources */,
				8C35DDB61DEDCF62006BF9E4 /* Frameworks */,
				8C35DDB71DEDCF62006BF9E4 /* Resources */,
			);
			buildRules = (
			);
			dependencies = (
			);
			name = PolygonSample;
			productName = PolygonSample;
			productReference = 8C35DDB91DEDCF63006BF9E4 /* PolygonSample.app */;
			productType = "com.apple.product-type.application";
		};
		8C35DDCE1DEDCF63006BF9E4 /* PolygonSampleTests */ = {
			isa = PBXNativeTarget;
			buildConfigurationList = 8C35DDE61DEDCF63006BF9E4 /* Build configuration list for PBXNativeTarget "PolygonSampleTests" */;
			buildPhases = (
				8C35DDCB1DEDCF63006BF9E4 /* Sources */,
				8C35DDCC1DEDCF63006BF9E4 /* Frameworks */,
				8C35DDCD1DEDCF63006BF9E4 /* Resources */,
			);
			buildRules = (
			);
			dependencies = (
				8C35DDD11DEDCF63006BF9E4 /* PBXTargetDependency */,
			);
			name = PolygonSampleTests;
			productName = PolygonSampleTests;
			productReference = 8C35DDCF1DEDCF63006BF9E4 /* PolygonSampleTests.xctest */;
			productType = "com.apple.product-type.bundle.unit-test";
		};
		8C35DDD91DEDCF63006BF9E4 /* PolygonSampleUITests */ = {
			isa = PBXNativeTarget;
			buildConfigurationList = 8C35DDE91DEDCF63006BF9E4 /* Build configuration list for PBXNativeTarget "PolygonSampleUITests" */;
			buildPhases = (
				8C35DDD61DEDCF63006BF9E4 /* Sources */,
				8C35DDD71DEDCF63006BF9E4 /* Frameworks */,
				8C35DDD81DEDCF63006BF9E4 /* Resources */,
			);
			buildRules = (
			);
			dependencies = (
				8C35DDDC1DEDCF63006BF9E4 /* PBXTargetDependency */,
			);
			name = PolygonSampleUITests;
			productName = PolygonSampleUITests;
			productReference = 8C35DDDA1DEDCF63006BF9E4 /* PolygonSampleUITests.xctest */;
			productType = "com.apple.product-type.bundle.ui-testing";
		};
/* End PBXNativeTarget section */

/* Begin PBXProject section */
		8C35DDB11DEDCF62006BF9E4 /* Project object */ = {
			isa = PBXProject;
			attributes = {
				LastSwiftUpdateCheck = 0810;
				LastUpgradeCheck = 0810;
				ORGANIZATIONNAME = "Masanori Kuze";
				TargetAttributes = {
					8C35DDB81DEDCF62006BF9E4 = {
						CreatedOnToolsVersion = 8.1;
						DevelopmentTeam = D2R737286R;
						ProvisioningStyle = Automatic;
					};
					8C35DDCE1DEDCF63006BF9E4 = {
						CreatedOnToolsVersion = 8.1;
						ProvisioningStyle = Automatic;
						TestTargetID = 8C35DDB81DEDCF62006BF9E4;
					};
					8C35DDD91DEDCF63006BF9E4 = {
						CreatedOnToolsVersion = 8.1;
						ProvisioningStyle = Automatic;
						TestTargetID = 8C35DDB81DEDCF62006BF9E4;
					};
				};
			};
			buildConfigurationList = 8C35DDB41DEDCF62006BF9E4 /* Build configuration list for PBXProject "PolygonSample" */;
			compatibilityVersion = "Xcode 3.2";
			developmentRegion = English;
			hasScannedForEncodings = 0;
			knownRegions = (
				en,
				Base,
			);
			mainGroup = 8C35DDB01DEDCF62006BF9E4;
			productRefGroup = 8C35DDBA1DEDCF63006BF9E4 /* Products */;
			projectDirPath = "";
			projectRoot = "";
			targets = (
				8C35DDB81DEDCF62006BF9E4 /* PolygonSample */,
				8C35DDCE1DEDCF63006BF9E4 /* PolygonSampleTests */,
				8C35DDD91DEDCF63006BF9E4 /* PolygonSampleUITests */,
			);
		};
/* End PBXProject section */

/* Begin PBXResourcesBuildPhase section */
		8C35DDB71DEDCF62006BF9E4 /* Resources */ = {
			isa = PBXResourcesBuildPhase;
			buildActionMask = 2147483647;
			files = (
				8C35DDC91DEDCF63006BF9E4 /* LaunchScreen.storyboard in Resources */,
				8C35DDC61DEDCF63006BF9E4 /* Assets.xcassets in Resources */,
				8C35DDC41DEDCF63006BF9E4 /* Main.storyboard in Resources */,
			);
			runOnlyForDeploymentPostprocessing = 0;
		};
		8C35DDCD1DEDCF63006BF9E4 /* Resources */ = {
			isa = PBXResourcesBuildPhase;
			buildActionMask = 2147483647;
			files = (
			);
			runOnlyForDeploymentPostprocessing = 0;
		};
		8C35DDD81DEDCF63006BF9E4 /* Resources */ = {
			isa = PBXResourcesBuildPhase;
			buildActionMask = 2147483647;
			files = (
			);
			runOnlyForDeploymentPostprocessing = 0;
		};
/* End PBXResourcesBuildPhase section */

/* Begin PBXSourcesBuildPhase section */
		8C35DDB51DEDCF62006BF9E4 /* Sources */ = {
			isa = PBXSourcesBuildPhase;
			buildActionMask = 2147483647;
			files = (
				8C35DDED1DEDDC36006BF9E4 /* Polygon.swift in Sources */,
				F2F05C261E157B5300A2C827 /* PolygonArray.swift in Sources */,
				8C35DDC11DEDCF63006BF9E4 /* DetailViewController.swift in Sources */,
				8C35DDBF1DEDCF63006BF9E4 /* MasterViewController.swift in Sources */,
				8C35DDBD1DEDCF63006BF9E4 /* AppDelegate.swift in Sources */,
			);
			runOnlyForDeploymentPostprocessing = 0;
		};
		8C35DDCB1DEDCF63006BF9E4 /* Sources */ = {
			isa = PBXSourcesBuildPhase;
			buildActionMask = 2147483647;
			files = (
				8C35DDD41DEDCF63006BF9E4 /* PolygonSampleTests.swift in Sources */,
			);
			runOnlyForDeploymentPostprocessing = 0;
		};
		8C35DDD61DEDCF63006BF9E4 /* Sources */ = {
			isa = PBXSourcesBuildPhase;
			buildActionMask = 2147483647;
			files = (
				8C35DDDF1DEDCF63006BF9E4 /* PolygonSampleUITests.swift in Sources */,
			);
			runOnlyForDeploymentPostprocessing = 0;
		};
/* End PBXSourcesBuildPhase section */

/* Begin PBXTargetDependency section */
		8C35DDD11DEDCF63006BF9E4 /* PBXTargetDependency */ = {
			isa = PBXTargetDependency;
			target = 8C35DDB81DEDCF62006BF9E4 /* PolygonSample */;
			targetProxy = 8C35DDD01DEDCF63006BF9E4 /* PBXContainerItemProxy */;
		};
		8C35DDDC1DEDCF63006BF9E4 /* PBXTargetDependency */ = {
			isa = PBXTargetDependency;
			target = 8C35DDB81DEDCF62006BF9E4 /* PolygonSample */;
			targetProxy = 8C35DDDB1DEDCF63006BF9E4 /* PBXContainerItemProxy */;
		};
/* End PBXTargetDependency section */

/* Begin PBXVariantGroup section */
		8C35DDC21DEDCF63006BF9E4 /* Main.storyboard */ = {
			isa = PBXVariantGroup;
			children = (
				8C35DDC31DEDCF63006BF9E4 /* Base */,
			);
			name = Main.storyboard;
			sourceTree = "<group>";
		};
		8C35DDC71DEDCF63006BF9E4 /* LaunchScreen.storyboard */ = {
			isa = PBXVariantGroup;
			children = (
				8C35DDC81DEDCF63006BF9E4 /* Base */,
			);
			name = LaunchScreen.storyboard;
			sourceTree = "<group>";
		};
/* End PBXVariantGroup section */

/* Begin XCBuildConfiguration section */
		8C35DDE11DEDCF63006BF9E4 /* Debug */ = {
			isa = XCBuildConfiguration;
			buildSettings = {
				ALWAYS_SEARCH_USER_PATHS = NO;
				CLANG_ANALYZER_NONNULL = YES;
				CLANG_CXX_LANGUAGE_STANDARD = "gnu++0x";
				CLANG_CXX_LIBRARY = "libc++";
				CLANG_ENABLE_MODULES = YES;
				CLANG_ENABLE_OBJC_ARC = YES;
				CLANG_WARN_BOOL_CONVERSION = YES;
				CLANG_WARN_CONSTANT_CONVERSION = YES;
				CLANG_WARN_DIRECT_OBJC_ISA_USAGE = YES_ERROR;
				CLANG_WARN_DOCUMENTATION_COMMENTS = YES;
				CLANG_WARN_EMPTY_BODY = YES;
				CLANG_WARN_ENUM_CONVERSION = YES;
				CLANG_WARN_INFINITE_RECURSION = YES;
				CLANG_WARN_INT_CONVERSION = YES;
				CLANG_WARN_OBJC_ROOT_CLASS = YES_ERROR;
				CLANG_WARN_SUSPICIOUS_MOVES = YES;
				CLANG_WARN_UNREACHABLE_CODE = YES;
				CLANG_WARN__DUPLICATE_METHOD_MATCH = YES;
				"CODE_SIGN_IDENTITY[sdk=iphoneos*]" = "iPhone Developer";
				COPY_PHASE_STRIP = NO;
				DEBUG_INFORMATION_FORMAT = dwarf;
				ENABLE_STRICT_OBJC_MSGSEND = YES;
				ENABLE_TESTABILITY = YES;
				GCC_C_LANGUAGE_STANDARD = gnu99;
				GCC_DYNAMIC_NO_PIC = NO;
				GCC_NO_COMMON_BLOCKS = YES;
				GCC_OPTIMIZATION_LEVEL = 0;
				GCC_PREPROCESSOR_DEFINITIONS = (
					"DEBUG=1",
					"$(inherited)",
				);
				GCC_WARN_64_TO_32_BIT_CONVERSION = YES;
				GCC_WARN_ABOUT_RETURN_TYPE = YES_ERROR;
				GCC_WARN_UNDECLARED_SELECTOR = YES;
				GCC_WARN_UNINITIALIZED_AUTOS = YES_AGGRESSIVE;
				GCC_WARN_UNUSED_FUNCTION = YES;
				GCC_WARN_UNUSED_VARIABLE = YES;
				IPHONEOS_DEPLOYMENT_TARGET = 10.1;
				MTL_ENABLE_DEBUG_INFO = YES;
				ONLY_ACTIVE_ARCH = YES;
				SDKROOT = iphoneos;
				SWIFT_ACTIVE_COMPILATION_CONDITIONS = DEBUG;
				SWIFT_OPTIMIZATION_LEVEL = "-Onone";
			};
			name = Debug;
		};
		8C35DDE21DEDCF63006BF9E4 /* Release */ = {
			isa = XCBuildConfiguration;
			buildSettings = {
				ALWAYS_SEARCH_USER_PATHS = NO;
				CLANG_ANALYZER_NONNULL = YES;
				CLANG_CXX_LANGUAGE_STANDARD = "gnu++0x";
				CLANG_CXX_LIBRARY = "libc++";
				CLANG_ENABLE_MODULES = YES;
				CLANG_ENABLE_OBJC_ARC = YES;
				CLANG_WARN_BOOL_CONVERSION = YES;
				CLANG_WARN_CONSTANT_CONVERSION = YES;
				CLANG_WARN_DIRECT_OBJC_ISA_USAGE = YES_ERROR;
				CLANG_WARN_DOCUMENTATION_COMMENTS = YES;
				CLANG_WARN_EMPTY_BODY = YES;
				CLANG_WARN_ENUM_CONVERSION = YES;
				CLANG_WARN_INFINITE_RECURSION = YES;
				CLANG_WARN_INT_CONVERSION = YES;
				CLANG_WARN_OBJC_ROOT_CLASS = YES_ERROR;
				CLANG_WARN_SUSPICIOUS_MOVES = YES;
				CLANG_WARN_UNREACHABLE_CODE = YES;
				CLANG_WARN__DUPLICATE_METHOD_MATCH = YES;
				"CODE_SIGN_IDENTITY[sdk=iphoneos*]" = "iPhone Developer";
				COPY_PHASE_STRIP = NO;
				DEBUG_INFORMATION_FORMAT = "dwarf-with-dsym";
				ENABLE_NS_ASSERTIONS = NO;
				ENABLE_STRICT_OBJC_MSGSEND = YES;
				GCC_C_LANGUAGE_STANDARD = gnu99;
				GCC_NO_COMMON_BLOCKS = YES;
				GCC_WARN_64_TO_32_BIT_CONVERSION = YES;
				GCC_WARN_ABOUT_RETURN_TYPE = YES_ERROR;
				GCC_WARN_UNDECLARED_SELECTOR = YES;
				GCC_WARN_UNINITIALIZED_AUTOS = YES_AGGRESSIVE;
				GCC_WARN_UNUSED_FUNCTION = YES;
				GCC_WARN_UNUSED_VARIABLE = YES;
				IPHONEOS_DEPLOYMENT_TARGET = 10.1;
				MTL_ENABLE_DEBUG_INFO = NO;
				SDKROOT = iphoneos;
				SWIFT_OPTIMIZATION_LEVEL = "-Owholemodule";
				VALIDATE_PRODUCT = YES;
			};
			name = Release;
		};
		8C35DDE41DEDCF63006BF9E4 /* Debug */ = {
			isa = XCBuildConfiguration;
			buildSettings = {
				ASSETCATALOG_COMPILER_APPICON_NAME = AppIcon;
				DEVELOPMENT_TEAM = D2R737286R;
				INFOPLIST_FILE = PolygonSample/Info.plist;
				LD_RUNPATH_SEARCH_PATHS = "$(inherited) @executable_path/Frameworks";
				PRODUCT_BUNDLE_IDENTIFIER = jp.blogspot.rnsm504.PolygonSample;
				PRODUCT_NAME = "$(TARGET_NAME)";
				SWIFT_VERSION = 3.0;
			};
			name = Debug;
		};
		8C35DDE51DEDCF63006BF9E4 /* Release */ = {
			isa = XCBuildConfiguration;
			buildSettings = {
				ASSETCATALOG_COMPILER_APPICON_NAME = AppIcon;
				DEVELOPMENT_TEAM = D2R737286R;
				INFOPLIST_FILE = PolygonSample/Info.plist;
				LD_RUNPATH_SEARCH_PATHS = "$(inherited) @executable_path/Frameworks";
				PRODUCT_BUNDLE_IDENTIFIER = jp.blogspot.rnsm504.PolygonSample;
				PRODUCT_NAME = "$(TARGET_NAME)";
				SWIFT_VERSION = 3.0;
			};
			name = Release;
		};
		8C35DDE71DEDCF63006BF9E4 /* Debug */ = {
			isa = XCBuildConfiguration;
			buildSettings = {
				ALWAYS_EMBED_SWIFT_STANDARD_LIBRARIES = YES;
				BUNDLE_LOADER = "$(TEST_HOST)";
				INFOPLIST_FILE = PolygonSampleTests/Info.plist;
				LD_RUNPATH_SEARCH_PATHS = "$(inherited) @executable_path/Frameworks @loader_path/Frameworks";
				PRODUCT_BUNDLE_IDENTIFIER = jp.blogspot.rnsm504.PolygonSampleTests;
				PRODUCT_NAME = "$(TARGET_NAME)";
				SWIFT_VERSION = 3.0;
				TEST_HOST = "$(BUILT_PRODUCTS_DIR)/PolygonSample.app/PolygonSample";
			};
			name = Debug;
		};
		8C35DDE81DEDCF63006BF9E4 /* Release */ = {
			isa = XCBuildConfiguration;
			buildSettings = {
				ALWAYS_EMBED_SWIFT_STANDARD_LIBRARIES = YES;
				BUNDLE_LOADER = "$(TEST_HOST)";
				INFOPLIST_FILE = PolygonSampleTests/Info.plist;
				LD_RUNPATH_SEARCH_PATHS = "$(inherited) @executable_path/Frameworks @loader_path/Frameworks";
				PRODUCT_BUNDLE_IDENTIFIER = jp.blogspot.rnsm504.PolygonSampleTests;
				PRODUCT_NAME = "$(TARGET_NAME)";
				SWIFT_VERSION = 3.0;
				TEST_HOST = "$(BUILT_PRODUCTS_DIR)/PolygonSample.app/PolygonSample";
			};
			name = Release;
		};
		8C35DDEA1DEDCF63006BF9E4 /* Debug */ = {
			isa = XCBuildConfiguration;
			buildSettings = {
				ALWAYS_EMBED_SWIFT_STANDARD_LIBRARIES = YES;
				INFOPLIST_FILE = PolygonSampleUITests/Info.plist;
				LD_RUNPATH_SEARCH_PATHS = "$(inherited) @executable_path/Frameworks @loader_path/Frameworks";
				PRODUCT_BUNDLE_IDENTIFIER = jp.blogspot.rnsm504.PolygonSampleUITests;
				PRODUCT_NAME = "$(TARGET_NAME)";
				SWIFT_VERSION = 3.0;
				TEST_TARGET_NAME = PolygonSample;
			};
			name = Debug;
		};
		8C35DDEB1DEDCF63006BF9E4 /* Release */ = {
			isa = XCBuildConfiguration;
			buildSettings = {
				ALWAYS_EMBED_SWIFT_STANDARD_LIBRARIES = YES;
				INFOPLIST_FILE = PolygonSampleUITests/Info.plist;
				LD_RUNPATH_SEARCH_PATHS = "$(inherited) @executable_path/Frameworks @loader_path/Frameworks";
				PRODUCT_BUNDLE_IDENTIFIER = jp.blogspot.rnsm504.PolygonSampleUITests;
				PRODUCT_NAME = "$(TARGET_NAME)";
				SWIFT_VERSION = 3.0;
				TEST_TARGET_NAME = PolygonSample;
			};
			name = Release;
		};
/* End XCBuildConfiguration section */

/* Begin XCConfigurationList section */
		8C35DDB41DEDCF62006BF9E4 /* Build configuration list for PBXProject "PolygonSample" */ = {
			isa = XCConfigurationList;
			buildConfigurations = (
				8C35DDE11DEDCF63006BF9E4 /* Debug */,
				8C35DDE21DEDCF63006BF9E4 /* Release */,
			);
			defaultConfigurationIsVisible = 0;
			defaultConfigurationName = Release;
		};
		8C35DDE31DEDCF63006BF9E4 /* Build configuration list for PBXNativeTarget "PolygonSample" */ = {
			isa = XCConfigurationList;
			buildConfigurations = (
				8C35DDE41DEDCF63006BF9E4 /* Debug */,
				8C35DDE51DEDCF63006BF9E4 /* Release */,
			);
			defaultConfigurationIsVisible = 0;
			defaultConfigurationName = Release;
		};
		8C35DDE61DEDCF63006BF9E4 /* Build configuration list for PBXNativeTarget "PolygonSampleTests" */ = {
			isa = XCConfigurationList;
			buildConfigurations = (
				8C35DDE71DEDCF63006BF9E4 /* Debug */,
				8C35DDE81DEDCF63006BF9E4 /* Release */,
			);
			defaultConfigurationIsVisible = 0;
			defaultConfigurationName = Release;
		};
		8C35DDE91DEDCF63006BF9E4 /* Build configuration list for PBXNativeTarget "PolygonSampleUITests" */ = {
			isa = XCConfigurationList;
			buildConfigurations = (
				8C35DDEA1DEDCF63006BF9E4 /* Debug */,
				8C35DDEB1DEDCF63006BF9E4 /* Release */,
			);
			defaultConfigurationIsVisible = 0;
			defaultConfigurationName = Release;
		};
/* End XCConfigurationList section */
	};
	rootObject = 8C35DDB11DEDCF62006BF9E4 /* Project object */;
}
